
Microsoft Visual Studio Solution File, Format Version 10.00
# Visual Studio 2008
Project("{FAE04EC0-301F-11D3-BF4B-00C04F79EFBC}") = "GendarmeMsBuild", "GendarmeMsBuild\GendarmeMsBuild.csproj", "{1CDCD29F-E3B1-418F-A2F1-9BF44E0E9516}"
EndProject
Global
	GlobalSection(SolutionConfigurationPlatforms) = preSolution
		Debug|Any CPU = Debug|Any CPU
		Release|Any CPU = Release|Any CPU
	EndGlobalSection
	GlobalSection(ProjectConfigurationPlatforms) = postSolution
		{1CDCD29F-E3B1-418F-A2F1-9BF44E0E9516}.Debug|Any CPU.ActiveCfg = Debug|Any CPU
		{1CDCD29F-E3B1-418F-A2F1-9BF44E0E9516}.Debug|Any CPU.Build.0 = Debug|Any CPU
		{1CDCD29F-E3B1-418F-A2F1-9BF44E0E9516}.Release|Any CPU.ActiveCfg = Release|Any CPU
		{1CDCD29F-E3B1-418F-A2F1-9BF44E0E9516}.Release|Any CPU.Build.0 = Release|Any CPU
	EndGlobalSection
	GlobalSection(SolutionProperties) = preSolution
		HideSolutionNode = FALSE
	EndGlobalSection
EndGlobal
