
Microsoft Visual Studio Solution File, Format Version 10.00
# Visual Studio 2008
Project("{FAE04EC0-301F-11D3-BF4B-00C04F79EFBC}") = "TestVisualStudioIntegration", "TestVisualStudioIntegration.csproj", "{B6780A10-8386-49F2-93F1-CE33D814E321}"
EndProject
Global
	GlobalSection(SolutionConfigurationPlatforms) = preSolution
		Debug|Any CPU = Debug|Any CPU
		Release|Any CPU = Release|Any CPU
	EndGlobalSection
	GlobalSection(ProjectConfigurationPlatforms) = postSolution
		{B6780A10-8386-49F2-93F1-CE33D814E321}.Debug|Any CPU.ActiveCfg = Debug|Any CPU
		{B6780A10-8386-49F2-93F1-CE33D814E321}.Debug|Any CPU.Build.0 = Debug|Any CPU
		{B6780A10-8386-49F2-93F1-CE33D814E321}.Release|Any CPU.ActiveCfg = Release|Any CPU
		{B6780A10-8386-49F2-93F1-CE33D814E321}.Release|Any CPU.Build.0 = Release|Any CPU
	EndGlobalSection
	GlobalSection(SolutionProperties) = preSolution
		HideSolutionNode = FALSE
	EndGlobalSection
EndGlobal
